// !$*UTF8*$!
{
	archiveVersion = 1;
	classes = {
	};
	objectVersion = 46;
	objects = {

/* Begin PBXBuildFile section */
		2EE14F221EB6120F001B51CB /* BoilerplateMailPlugin.m in Sources */ = {isa = PBXBuildFile; fileRef = 2EE14F211EB6120F001B51CB /* BoilerplateMailPlugin.m */; };
/* End PBXBuildFile section */

/* Begin PBXFileReference section */
		2E9EED531EB61455002F13B1 /* README.md */ = {isa = PBXFileReference; fileEncoding = 4; lastKnownFileType = net.daringfireball.markdown; path = README.md; sourceTree = "<group>"; };
		2EE14F171EB61177001B51CB /* BoilerplateMailPlugin.mailbundle */ = {isa = PBXFileReference; explicitFileType = wrapper.cfbundle; includeInIndex = 0; path = BoilerplateMailPlugin.mailbundle; sourceTree = BUILT_PRODUCTS_DIR; };
		2EE14F1A1EB61177001B51CB /* Info.plist */ = {isa = PBXFileReference; lastKnownFileType = text.plist.xml; path = Info.plist; sourceTree = "<group>"; };
		2EE14F201EB6120F001B51CB /* BoilerplateMailPlugin.h */ = {isa = PBXFileReference; fileEncoding = 4; lastKnownFileType = sourcecode.c.h; path = BoilerplateMailPlugin.h; sourceTree = "<group>"; };
		2EE14F211EB6120F001B51CB /* BoilerplateMailPlugin.m */ = {isa = PBXFileReference; fileEncoding = 4; lastKnownFileType = sourcecode.c.objc; path = BoilerplateMailPlugin.m; sourceTree = "<group>"; };
/* End PBXFileReference section */

/* Begin PBXFrameworksBuildPhase section */
		2EE14F141EB61177001B51CB /* Frameworks */ = {
			isa = PBXFrameworksBuildPhase;
			buildActionMask = 2147483647;
			files = (
			);
			runOnlyForDeploymentPostprocessing = 0;
		};
/* End PBXFrameworksBuildPhase section */

/* Begin PBXGroup section */
		2EE14F0E1EB61177001B51CB = {
			isa = PBXGroup;
			children = (
				2EE14F191EB61177001B51CB /* BoilerplateMailPlugin */,
				2EE14F181EB61177001B51CB /* Products */,
				2E9EED531EB61455002F13B1 /* README.md */,
			);
			sourceTree = "<group>";
		};
		2EE14F181EB61177001B51CB /* Products */ = {
			isa = PBXGroup;
			children = (
				2EE14F171EB61177001B51CB /* BoilerplateMailPlugin.mailbundle */,
			);
			name = Products;
			sourceTree = "<group>";
		};
		2EE14F191EB61177001B51CB /* BoilerplateMailPlugin */ = {
			isa = PBXGroup;
			children = (
				2EE14F1A1EB61177001B51CB /* Info.plist */,
				2EE14F201EB6120F001B51CB /* BoilerplateMailPlugin.h */,
				2EE14F211EB6120F001B51CB /* BoilerplateMailPlugin.m */,
			);
			path = BoilerplateMailPlugin;
			sourceTree = "<group>";
		};
/* End PBXGroup section */

/* Begin PBXNativeTarget section */
		2EE14F161EB61177001B51CB /* BoilerplateMailPlugin */ = {
			isa = PBXNativeTarget;
			buildConfigurationList = 2EE14F1D1EB61177001B51CB /* Build configuration list for PBXNativeTarget "BoilerplateMailPlugin" */;
			buildPhases = (
				2EE14F131EB61177001B51CB /* Sources */,
				2EE14F141EB61177001B51CB /* Frameworks */,
				2EE14F151EB61177001B51CB /* Resources */,
				2EE14F231EB61335001B51CB /* Bundle Packing and Deploy Local */,
			);
			buildRules = (
			);
			dependencies = (
			);
			name = BoilerplateMailPlugin;
			productName = BoilerplateMailPlugin;
			productReference = 2EE14F171EB61177001B51CB /* BoilerplateMailPlugin.mailbundle */;
			productType = "com.apple.product-type.bundle";
		};
/* End PBXNativeTarget section */

/* Begin PBXProject section */
		2EE14F0F1EB61177001B51CB /* Project object */ = {
			isa = PBXProject;
			attributes = {
				LastUpgradeCheck = 0830;
				ORGANIZATIONNAME = "Andrew Fischer";
				TargetAttributes = {
					2EE14F161EB61177001B51CB = {
						CreatedOnToolsVersion = 8.3.2;
						ProvisioningStyle = Automatic;
					};
				};
			};
			buildConfigurationList = 2EE14F121EB61177001B51CB /* Build configuration list for PBXProject "BoilerplateMailPlugin" */;
			compatibilityVersion = "Xcode 3.2";
			developmentRegion = English;
			hasScannedForEncodings = 0;
			knownRegions = (
				en,
			);
			mainGroup = 2EE14F0E1EB61177001B51CB;
			productRefGroup = 2EE14F181EB61177001B51CB /* Products */;
			projectDirPath = "";
			projectRoot = "";
			targets = (
				2EE14F161EB61177001B51CB /* BoilerplateMailPlugin */,
			);
		};
/* End PBXProject section */

/* Begin PBXResourcesBuildPhase section */
		2EE14F151EB61177001B51CB /* Resources */ = {
			isa = PBXResourcesBuildPhase;
			buildActionMask = 2147483647;
			files = (
			);
			runOnlyForDeploymentPostprocessing = 0;
		};
/* End PBXResourcesBuildPhase section */

/* Begin PBXShellScriptBuildPhase section */
		2EE14F231EB61335001B51CB /* Bundle Packing and Deploy Local */ = {
			isa = PBXShellScriptBuildPhase;
			buildActionMask = 2147483647;
			files = (
			);
			inputPaths = (
			);
			name = "Bundle Packing and Deploy Local";
			outputPaths = (
			);
			runOnlyForDeploymentPostprocessing = 0;
			shellPath = /bin/sh;
			shellScript = "# Deploying to local\n/bin/rm -rf ${INSTALL_PATH}/${WRAPPER_NAME}\n/bin/cp -r ${BUILT_PRODUCTS_DIR}/${WRAPPER_NAME} ${INSTALL_PATH}/\n\n# processing UUIDs\nmh_plugin_plist=${INSTALL_PATH}/${WRAPPER_NAME}/Contents/Info.plist\n\nif [ -f /Applications/Mail.app/Contents/Info.plist ]; then\nmh_mail_app_uuid=$(defaults read /Applications/Mail.app/Contents/Info.plist PluginCompatibilityUUID)\nif [[ ! -z \"${mh_mail_app_uuid}\" ]]; then\ndefaults write ${mh_plugin_plist} SupportedPluginCompatibilityUUIDs -array-add \"${mh_mail_app_uuid}\"\n\n#if [[ ${mh_mac_osx_version_p} == *\"10.12\"* ]]; then\n#echo \"RWH:: Adding UUID ${mh_mail_app_uuid} for Sierra\"\ndefaults write ${mh_plugin_plist} Supported10.12PluginCompatibilityUUIDs -array-add \"${mh_mail_app_uuid}\"\n#fi\n\nfi\nfi\n";
		};
/* End PBXShellScriptBuildPhase section */

/* Begin PBXSourcesBuildPhase section */
		2EE14F131EB61177001B51CB /* Sources */ = {
			isa = PBXSourcesBuildPhase;
			buildActionMask = 2147483647;
			files = (
				2EE14F221EB6120F001B51CB /* BoilerplateMailPlugin.m in Sources */,
			);
			runOnlyForDeploymentPostprocessing = 0;
		};
/* End PBXSourcesBuildPhase section */

/* Begin XCBuildConfiguration section */
		2EE14F1B1EB61177001B51CB /* Debug */ = {
			isa = XCBuildConfiguration;
			buildSettings = {
				ALWAYS_SEARCH_USER_PATHS = NO;
				CLANG_ANALYZER_NONNULL = YES;
				CLANG_ANALYZER_NUMBER_OBJECT_CONVERSION = YES_AGGRESSIVE;
				CLANG_CXX_LANGUAGE_STANDARD = "gnu++0x";
				CLANG_CXX_LIBRARY = "libc++";
				CLANG_ENABLE_MODULES = YES;
				CLANG_ENABLE_OBJC_ARC = YES;
				CLANG_WARN_BOOL_CONVERSION = YES;
				CLANG_WARN_CONSTANT_CONVERSION = YES;
				CLANG_WARN_DIRECT_OBJC_ISA_USAGE = YES_ERROR;
				CLANG_WARN_DOCUMENTATION_COMMENTS = YES;
				CLANG_WARN_EMPTY_BODY = YES;
				CLANG_WARN_ENUM_CONVERSION = YES;
				CLANG_WARN_INFINITE_RECURSION = YES;
				CLANG_WARN_INT_CONVERSION = YES;
				CLANG_WARN_OBJC_ROOT_CLASS = YES_ERROR;
				CLANG_WARN_SUSPICIOUS_MOVE = YES;
				CLANG_WARN_UNREACHABLE_CODE = YES;
				CLANG_WARN__DUPLICATE_METHOD_MATCH = YES;
				CODE_SIGN_IDENTITY = "-";
				COPY_PHASE_STRIP = NO;
				DEBUG_INFORMATION_FORMAT = dwarf;
				ENABLE_STRICT_OBJC_MSGSEND = YES;
				ENABLE_TESTABILITY = YES;
				GCC_C_LANGUAGE_STANDARD = gnu99;
				GCC_DYNAMIC_NO_PIC = NO;
				GCC_NO_COMMON_BLOCKS = YES;
				GCC_OPTIMIZATION_LEVEL = 0;
				GCC_PREPROCESSOR_DEFINITIONS = (
					"DEBUG=1",
					"$(inherited)",
				);
				GCC_WARN_64_TO_32_BIT_CONVERSION = YES;
				GCC_WARN_ABOUT_RETURN_TYPE = YES_ERROR;
				GCC_WARN_UNDECLARED_SELECTOR = YES;
				GCC_WARN_UNINITIALIZED_AUTOS = YES_AGGRESSIVE;
				GCC_WARN_UNUSED_FUNCTION = YES;
				GCC_WARN_UNUSED_VARIABLE = YES;
				MACOSX_DEPLOYMENT_TARGET = 10.12;
				MTL_ENABLE_DEBUG_INFO = YES;
				ONLY_ACTIVE_ARCH = YES;
				SDKROOT = macosx;
			};
			name = Debug;
		};
		2EE14F1C1EB61177001B51CB /* Release */ = {
			isa = XCBuildConfiguration;
			buildSettings = {
				ALWAYS_SEARCH_USER_PATHS = NO;
				CLANG_ANALYZER_NONNULL = YES;
				CLANG_ANALYZER_NUMBER_OBJECT_CONVERSION = YES_AGGRESSIVE;
				CLANG_CXX_LANGUAGE_STANDARD = "gnu++0x";
				CLANG_CXX_LIBRARY = "libc++";
				CLANG_ENABLE_MODULES = YES;
				CLANG_ENABLE_OBJC_ARC = YES;
				CLANG_WARN_BOOL_CONVERSION = YES;
				CLANG_WARN_CONSTANT_CONVERSION = YES;
				CLANG_WARN_DIRECT_OBJC_ISA_USAGE = YES_ERROR;
				CLANG_WARN_DOCUMENTATION_COMMENTS = YES;
				CLANG_WARN_EMPTY_BODY = YES;
				CLANG_WARN_ENUM_CONVERSION = YES;
				CLANG_WARN_INFINITE_RECURSION = YES;
				CLANG_WARN_INT_CONVERSION = YES;
				CLANG_WARN_OBJC_ROOT_CLASS = YES_ERROR;
				CLANG_WARN_SUSPICIOUS_MOVE = YES;
				CLANG_WARN_UNREACHABLE_CODE = YES;
				CLANG_WARN__DUPLICATE_METHOD_MATCH = YES;
				CODE_SIGN_IDENTITY = "-";
				COPY_PHASE_STRIP = NO;
				DEBUG_INFORMATION_FORMAT = "dwarf-with-dsym";
				ENABLE_NS_ASSERTIONS = NO;
				ENABLE_STRICT_OBJC_MSGSEND = YES;
				GCC_C_LANGUAGE_STANDARD = gnu99;
				GCC_NO_COMMON_BLOCKS = YES;
				GCC_WARN_64_TO_32_BIT_CONVERSION = YES;
				GCC_WARN_ABOUT_RETURN_TYPE = YES_ERROR;
				GCC_WARN_UNDECLARED_SELECTOR = YES;
				GCC_WARN_UNINITIALIZED_AUTOS = YES_AGGRESSIVE;
				GCC_WARN_UNUSED_FUNCTION = YES;
				GCC_WARN_UNUSED_VARIABLE = YES;
				MACOSX_DEPLOYMENT_TARGET = 10.12;
				MTL_ENABLE_DEBUG_INFO = NO;
				SDKROOT = macosx;
			};
			name = Release;
		};
		2EE14F1E1EB61177001B51CB /* Debug */ = {
			isa = XCBuildConfiguration;
			buildSettings = {
				COMBINE_HIDPI_IMAGES = YES;
				INFOPLIST_FILE = BoilerplateMailPlugin/Info.plist;
				INSTALL_PATH = "$(HOME)/Library/Mail/Bundles";
				PRODUCT_BUNDLE_IDENTIFIER = com.afischer.BoilerplateMailPlugin;
				PRODUCT_NAME = "$(TARGET_NAME)";
				SKIP_INSTALL = YES;
				WRAPPER_EXTENSION = mailbundle;
			};
			name = Debug;
		};
		2EE14F1F1EB61177001B51CB /* Release */ = {
			isa = XCBuildConfiguration;
			buildSettings = {
				COMBINE_HIDPI_IMAGES = YES;
				DEBUG_INFORMATION_FORMAT = dwarf;
				INFOPLIST_FILE = BoilerplateMailPlugin/Info.plist;
				INSTALL_PATH = "$(HOME)/Library/Mail/Bundles";
				PRODUCT_BUNDLE_IDENTIFIER = com.afischer.BoilerplateMailPlugin;
				PRODUCT_NAME = "$(TARGET_NAME)";
				SKIP_INSTALL = YES;
				WRAPPER_EXTENSION = mailbundle;
			};
			name = Release;
		};
/* End XCBuildConfiguration section */

/* Begin XCConfigurationList section */
		2EE14F121EB61177001B51CB /* Build configuration list for PBXProject "BoilerplateMailPlugin" */ = {
			isa = XCConfigurationList;
			buildConfigurations = (
				2EE14F1B1EB61177001B51CB /* Debug */,
				2EE14F1C1EB61177001B51CB /* Release */,
			);
			defaultConfigurationIsVisible = 0;
			defaultConfigurationName = Release;
		};
		2EE14F1D1EB61177001B51CB /* Build configuration list for PBXNativeTarget "BoilerplateMailPlugin" */ = {
			isa = XCConfigurationList;
			buildConfigurations = (
				2EE14F1E1EB61177001B51CB /* Debug */,
				2EE14F1F1EB61177001B51CB /* Release */,
			);
			defaultConfigurationIsVisible = 0;
			defaultConfigurationName = Release;
		};
/* End XCConfigurationList section */
	};
	rootObject = 2EE14F0F1EB61177001B51CB /* Project object */;
}
